
Microsoft Visual Studio Solution File, Format Version 12.00
# Visual Studio Version 17
VisualStudioVersion = 17.13.35931.197 d17.13
MinimumVisualStudioVersion = 10.0.40219.1
Project("{FAE04EC0-301F-11D3-BF4B-00C04F79EFBC}") = "ProyectoGitDemo", "ProyectoGitDemo\ProyectoGitDemo.csproj", "{B6BA7475-4B11-4379-97E4-463224D6A326}"
EndProject
Global
	GlobalSection(SolutionConfigurationPlatforms) = preSolution
		Debug|Any CPU = Debug|Any CPU
		Release|Any CPU = Release|Any CPU
	EndGlobalSection
	GlobalSection(ProjectConfigurationPlatforms) = postSolution
		{B6BA7475-4B11-4379-97E4-463224D6A326}.Debug|Any CPU.ActiveCfg = Debug|Any CPU
		{B6BA7475-4B11-4379-97E4-463224D6A326}.Debug|Any CPU.Build.0 = Debug|Any CPU
		{B6BA7475-4B11-4379-97E4-463224D6A326}.Release|Any CPU.ActiveCfg = Release|Any CPU
		{B6BA7475-4B11-4379-97E4-463224D6A326}.Release|Any CPU.Build.0 = Release|Any CPU
	EndGlobalSection
	GlobalSection(SolutionProperties) = preSolution
		HideSolutionNode = FALSE
	EndGlobalSection
	GlobalSection(ExtensibilityGlobals) = postSolution
		SolutionGuid = {F6D52829-F98A-4253-84F4-A1F8642A2B69}
	EndGlobalSection
EndGlobal
